PODS:
  - DelegateCenter (1.1.0):
    - DelegateCenter/ForwardProxy (= 1.1.0)
    - DelegateCenter/MultiProxyObject (= 1.1.0)
  - DelegateCenter/ForwardProxy (1.1.0)
  - DelegateCenter/MultiProxyObject (1.1.0):
    - DelegateCenter/SafeExcute
  - DelegateCenter/SafeExcute (1.1.0)
  - SnapKit (4.2.0)

DEPENDENCIES:
  - DelegateCenter (from `../`)
  - SnapKit

SPEC REPOS:
  trunk:
    - SnapKit

EXTERNAL SOURCES:
  DelegateCenter:
    :path: "../"

SPEC CHECKSUMS:
  DelegateCenter: 87df906801c970477e1b58a6cfee0da80e322e4f
  SnapKit: fe8a619752f3f27075cc9a90244d75c6c3f27e2a

PODFILE CHECKSUM: 92e880953219234fdf61e23313d59b874d06ccb8

COCOAPODS: 1.9.1
